
Microsoft Visual Studio Solution File, Format Version 12.00
# Visual Studio Version 17
VisualStudioVersion = 17.8.34525.116
MinimumVisualStudioVersion = 10.0.40219.1
Project("{FAE04EC0-301F-11D3-BF4B-00C04F79EFBC}") = "StudentTeacherQnA", "StudentTeacherQnA\StudentTeacherQnA.csproj", "{9877124C-04A9-41F3-B8CC-BC0141CCFCA8}"
EndProject
Global
	GlobalSection(SolutionConfigurationPlatforms) = preSolution
		Debug|Any CPU = Debug|Any CPU
		Release|Any CPU = Release|Any CPU
	EndGlobalSection
	GlobalSection(ProjectConfigurationPlatforms) = postSolution
		{9877124C-04A9-41F3-B8CC-BC0141CCFCA8}.Debug|Any CPU.ActiveCfg = Debug|Any CPU
		{9877124C-04A9-41F3-B8CC-BC0141CCFCA8}.Debug|Any CPU.Build.0 = Debug|Any CPU
		{9877124C-04A9-41F3-B8CC-BC0141CCFCA8}.Release|Any CPU.ActiveCfg = Release|Any CPU
		{9877124C-04A9-41F3-B8CC-BC0141CCFCA8}.Release|Any CPU.Build.0 = Release|Any CPU
	EndGlobalSection
	GlobalSection(SolutionProperties) = preSolution
		HideSolutionNode = FALSE
	EndGlobalSection
	GlobalSection(ExtensibilityGlobals) = postSolution
		SolutionGuid = {64C4E74C-8407-4883-B958-20F05B1CA7BF}
	EndGlobalSection
EndGlobal
